
Microsoft Visual Studio Solution File, Format Version 12.00
# Visual Studio 2015
Project("{FAE04EC0-301F-11D3-BF4B-00C04F79EFBC}") = "StellarWhorl.Plugins", "StellarWhorl.Plugins.csproj", "{FF9A3DF8-439E-AE80-1691-7ED54B684D87}"
EndProject
Project("{FAE04EC0-301F-11D3-BF4B-00C04F79EFBC}") = "StellarWhorl", "StellarWhorl.csproj", "{156CB75D-F1F8-5CD0-3F78-C9956689A8BC}"
EndProject
Global
	GlobalSection(SolutionConfigurationPlatforms) = preSolution
		Debug|Any CPU = Debug|Any CPU
		Release|Any CPU = Release|Any CPU
	EndGlobalSection
	GlobalSection(ProjectConfigurationPlatforms) = postSolution
		{FF9A3DF8-439E-AE80-1691-7ED54B684D87}.Debug|Any CPU.ActiveCfg = Debug|Any CPU
		{FF9A3DF8-439E-AE80-1691-7ED54B684D87}.Debug|Any CPU.Build.0 = Debug|Any CPU
		{FF9A3DF8-439E-AE80-1691-7ED54B684D87}.Release|Any CPU.ActiveCfg = Release|Any CPU
		{FF9A3DF8-439E-AE80-1691-7ED54B684D87}.Release|Any CPU.Build.0 = Release|Any CPU
		{156CB75D-F1F8-5CD0-3F78-C9956689A8BC}.Debug|Any CPU.ActiveCfg = Debug|Any CPU
		{156CB75D-F1F8-5CD0-3F78-C9956689A8BC}.Debug|Any CPU.Build.0 = Debug|Any CPU
		{156CB75D-F1F8-5CD0-3F78-C9956689A8BC}.Release|Any CPU.ActiveCfg = Release|Any CPU
		{156CB75D-F1F8-5CD0-3F78-C9956689A8BC}.Release|Any CPU.Build.0 = Release|Any CPU
	EndGlobalSection
	GlobalSection(SolutionProperties) = preSolution
		HideSolutionNode = FALSE
	EndGlobalSection
EndGlobal
